
Microsoft Visual Studio Solution File, Format Version 12.00
# Visual Studio Version 16
VisualStudioVersion = 16.0.31410.357
MinimumVisualStudioVersion = 10.0.40219.1
Project("{9A19103F-16F7-4668-BE54-9A1E7A4F7556}") = "Backend", "Backend\Backend.csproj", "{606E47E1-5F2A-4C63-A006-77181E360E3E}"
EndProject
Global
	GlobalSection(SolutionConfigurationPlatforms) = preSolution
		Debug|Any CPU = Debug|Any CPU
		Release|Any CPU = Release|Any CPU
	EndGlobalSection
	GlobalSection(ProjectConfigurationPlatforms) = postSolution
		{606E47E1-5F2A-4C63-A006-77181E360E3E}.Debug|Any CPU.ActiveCfg = Debug|Any CPU
		{606E47E1-5F2A-4C63-A006-77181E360E3E}.Debug|Any CPU.Build.0 = Debug|Any CPU
		{606E47E1-5F2A-4C63-A006-77181E360E3E}.Release|Any CPU.ActiveCfg = Release|Any CPU
		{606E47E1-5F2A-4C63-A006-77181E360E3E}.Release|Any CPU.Build.0 = Release|Any CPU
	EndGlobalSection
	GlobalSection(SolutionProperties) = preSolution
		HideSolutionNode = FALSE
	EndGlobalSection
	GlobalSection(ExtensibilityGlobals) = postSolution
		SolutionGuid = {8741D01E-CD26-4D23-9F51-8F5BA8A58ACC}
	EndGlobalSection
EndGlobal
